
Microsoft Visual Studio Solution File, Format Version 12.00
# Visual Studio Version 16
VisualStudioVersion = 16.0.31729.503
MinimumVisualStudioVersion = 10.0.40219.1
Project("{9A19103F-16F7-4668-BE54-9A1E7A4F7556}") = "UserService", "UserService\UserService.csproj", "{350F63FD-7C29-43CF-A3A1-0046B9B64202}"
EndProject
Project("{9A19103F-16F7-4668-BE54-9A1E7A4F7556}") = "OcelotApiGateway", "OcelotApiGateway\OcelotApiGateway.csproj", "{B409C771-62E8-4958-A96E-3D3ABE1A26B0}"
EndProject
Project("{FAE04EC0-301F-11D3-BF4B-00C04F79EFBC}") = "ProductService", "ProductService\ProductService.csproj", "{383C050C-210F-4134-AED5-8E4EFE4364C5}"
EndProject
Global
	GlobalSection(SolutionConfigurationPlatforms) = preSolution
		Debug|Any CPU = Debug|Any CPU
		Release|Any CPU = Release|Any CPU
	EndGlobalSection
	GlobalSection(ProjectConfigurationPlatforms) = postSolution
		{350F63FD-7C29-43CF-A3A1-0046B9B64202}.Debug|Any CPU.ActiveCfg = Debug|Any CPU
		{350F63FD-7C29-43CF-A3A1-0046B9B64202}.Debug|Any CPU.Build.0 = Debug|Any CPU
		{350F63FD-7C29-43CF-A3A1-0046B9B64202}.Release|Any CPU.ActiveCfg = Release|Any CPU
		{350F63FD-7C29-43CF-A3A1-0046B9B64202}.Release|Any CPU.Build.0 = Release|Any CPU
		{B409C771-62E8-4958-A96E-3D3ABE1A26B0}.Debug|Any CPU.ActiveCfg = Debug|Any CPU
		{B409C771-62E8-4958-A96E-3D3ABE1A26B0}.Debug|Any CPU.Build.0 = Debug|Any CPU
		{B409C771-62E8-4958-A96E-3D3ABE1A26B0}.Release|Any CPU.ActiveCfg = Release|Any CPU
		{B409C771-62E8-4958-A96E-3D3ABE1A26B0}.Release|Any CPU.Build.0 = Release|Any CPU
		{383C050C-210F-4134-AED5-8E4EFE4364C5}.Debug|Any CPU.ActiveCfg = Debug|Any CPU
		{383C050C-210F-4134-AED5-8E4EFE4364C5}.Debug|Any CPU.Build.0 = Debug|Any CPU
		{383C050C-210F-4134-AED5-8E4EFE4364C5}.Release|Any CPU.ActiveCfg = Release|Any CPU
		{383C050C-210F-4134-AED5-8E4EFE4364C5}.Release|Any CPU.Build.0 = Release|Any CPU
	EndGlobalSection
	GlobalSection(SolutionProperties) = preSolution
		HideSolutionNode = FALSE
	EndGlobalSection
	GlobalSection(ExtensibilityGlobals) = postSolution
		SolutionGuid = {94401B82-632C-435E-B952-E4659420A60A}
	EndGlobalSection
EndGlobal
